// !$*UTF8*$!
{
	archiveVersion = 1;
	classes = {
	};
	objectVersion = 46;
	objects = {

/* Begin PBXBuildFile section */
		774D1BBE16DFA9F000D77A47 /* UIKit.framework in Frameworks */ = {isa = PBXBuildFile; fileRef = 774D1BBD16DFA9F000D77A47 /* UIKit.framework */; };
		774D1BC016DFA9F000D77A47 /* Foundation.framework in Frameworks */ = {isa = PBXBuildFile; fileRef = 774D1BBF16DFA9F000D77A47 /* Foundation.framework */; };
		774D1BC216DFA9F000D77A47 /* CoreGraphics.framework in Frameworks */ = {isa = PBXBuildFile; fileRef = 774D1BC116DFA9F000D77A47 /* CoreGraphics.framework */; };
		774D1BC816DFA9F000D77A47 /* InfoPlist.strings in Resources */ = {isa = PBXBuildFile; fileRef = 774D1BC616DFA9F000D77A47 /* InfoPlist.strings */; };
		774D1BCA16DFA9F000D77A47 /* main.m in Sources */ = {isa = PBXBuildFile; fileRef = 774D1BC916DFA9F000D77A47 /* main.m */; };
		774D1BCE16DFA9F000D77A47 /* Feb28AppDelegate.m in Sources */ = {isa = PBXBuildFile; fileRef = 774D1BCD16DFA9F000D77A47 /* Feb28AppDelegate.m */; };
		774D1BD016DFA9F000D77A47 /* Default.png in Resources */ = {isa = PBXBuildFile; fileRef = 774D1BCF16DFA9F000D77A47 /* Default.png */; };
		774D1BD216DFA9F000D77A47 /* Default@2x.png in Resources */ = {isa = PBXBuildFile; fileRef = 774D1BD116DFA9F000D77A47 /* Default@2x.png */; };
		774D1BD416DFA9F000D77A47 /* Default-568h@2x.png in Resources */ = {isa = PBXBuildFile; fileRef = 774D1BD316DFA9F000D77A47 /* Default-568h@2x.png */; };
		774D1BDC16DFB04B00D77A47 /* View.m in Sources */ = {isa = PBXBuildFile; fileRef = 774D1BDB16DFB04B00D77A47 /* View.m */; };
		774D1BE316DFDE3600D77A47 /* UTTower.png in Resources */ = {isa = PBXBuildFile; fileRef = 774D1BE116DFDE3600D77A47 /* UTTower.png */; };
		774D1BE416DFDE3600D77A47 /* UTTower@2x.png in Resources */ = {isa = PBXBuildFile; fileRef = 774D1BE216DFDE3600D77A47 /* UTTower@2x.png */; };
		774D1BE616DFE11B00D77A47 /* TXIcon.png in Resources */ = {isa = PBXBuildFile; fileRef = 774D1BE516DFE11B00D77A47 /* TXIcon.png */; };
		774D1BE816DFE49800D77A47 /* bevo.jpg in Resources */ = {isa = PBXBuildFile; fileRef = 774D1BE716DFE49800D77A47 /* bevo.jpg */; };
/* End PBXBuildFile section */

/* Begin PBXFileReference section */
		774D1BBA16DFA9F000D77A47 /* Feb28.app */ = {isa = PBXFileReference; explicitFileType = wrapper.application; includeInIndex = 0; path = Feb28.app; sourceTree = BUILT_PRODUCTS_DIR; };
		774D1BBD16DFA9F000D77A47 /* UIKit.framework */ = {isa = PBXFileReference; lastKnownFileType = wrapper.framework; name = UIKit.framework; path = System/Library/Frameworks/UIKit.framework; sourceTree = SDKROOT; };
		774D1BBF16DFA9F000D77A47 /* Foundation.framework */ = {isa = PBXFileReference; lastKnownFileType = wrapper.framework; name = Foundation.framework; path = System/Library/Frameworks/Foundation.framework; sourceTree = SDKROOT; };
		774D1BC116DFA9F000D77A47 /* CoreGraphics.framework */ = {isa = PBXFileReference; lastKnownFileType = wrapper.framework; name = CoreGraphics.framework; path = System/Library/Frameworks/CoreGraphics.framework; sourceTree = SDKROOT; };
		774D1BC516DFA9F000D77A47 /* Feb28-Info.plist */ = {isa = PBXFileReference; lastKnownFileType = text.plist.xml; path = "Feb28-Info.plist"; sourceTree = "<group>"; };
		774D1BC716DFA9F000D77A47 /* en */ = {isa = PBXFileReference; lastKnownFileType = text.plist.strings; name = en; path = en.lproj/InfoPlist.strings; sourceTree = "<group>"; };
		774D1BC916DFA9F000D77A47 /* main.m */ = {isa = PBXFileReference; lastKnownFileType = sourcecode.c.objc; path = main.m; sourceTree = "<group>"; };
		774D1BCB16DFA9F000D77A47 /* Feb28-Prefix.pch */ = {isa = PBXFileReference; lastKnownFileType = sourcecode.c.h; path = "Feb28-Prefix.pch"; sourceTree = "<group>"; };
		774D1BCC16DFA9F000D77A47 /* Feb28AppDelegate.h */ = {isa = PBXFileReference; lastKnownFileType = sourcecode.c.h; path = Feb28AppDelegate.h; sourceTree = "<group>"; };
		774D1BCD16DFA9F000D77A47 /* Feb28AppDelegate.m */ = {isa = PBXFileReference; lastKnownFileType = sourcecode.c.objc; path = Feb28AppDelegate.m; sourceTree = "<group>"; };
		774D1BCF16DFA9F000D77A47 /* Default.png */ = {isa = PBXFileReference; lastKnownFileType = image.png; path = Default.png; sourceTree = "<group>"; };
		774D1BD116DFA9F000D77A47 /* Default@2x.png */ = {isa = PBXFileReference; lastKnownFileType = image.png; path = "Default@2x.png"; sourceTree = "<group>"; };
		774D1BD316DFA9F000D77A47 /* Default-568h@2x.png */ = {isa = PBXFileReference; lastKnownFileType = image.png; path = "Default-568h@2x.png"; sourceTree = "<group>"; };
		774D1BDA16DFB04B00D77A47 /* View.h */ = {isa = PBXFileReference; fileEncoding = 4; lastKnownFileType = sourcecode.c.h; path = View.h; sourceTree = "<group>"; };
		774D1BDB16DFB04B00D77A47 /* View.m */ = {isa = PBXFileReference; fileEncoding = 4; lastKnownFileType = sourcecode.c.objc; path = View.m; sourceTree = "<group>"; };
		774D1BE116DFDE3600D77A47 /* UTTower.png */ = {isa = PBXFileReference; lastKnownFileType = image.png; path = UTTower.png; sourceTree = "<group>"; };
		774D1BE216DFDE3600D77A47 /* UTTower@2x.png */ = {isa = PBXFileReference; lastKnownFileType = image.png; path = "UTTower@2x.png"; sourceTree = "<group>"; };
		774D1BE516DFE11B00D77A47 /* TXIcon.png */ = {isa = PBXFileReference; lastKnownFileType = image.png; path = TXIcon.png; sourceTree = "<group>"; };
		774D1BE716DFE49800D77A47 /* bevo.jpg */ = {isa = PBXFileReference; lastKnownFileType = image.jpeg; path = bevo.jpg; sourceTree = "<group>"; };
/* End PBXFileReference section */

/* Begin PBXFrameworksBuildPhase section */
		774D1BB716DFA9F000D77A47 /* Frameworks */ = {
			isa = PBXFrameworksBuildPhase;
			buildActionMask = 2147483647;
			files = (
				774D1BBE16DFA9F000D77A47 /* UIKit.framework in Frameworks */,
				774D1BC016DFA9F000D77A47 /* Foundation.framework in Frameworks */,
				774D1BC216DFA9F000D77A47 /* CoreGraphics.framework in Frameworks */,
			);
			runOnlyForDeploymentPostprocessing = 0;
		};
/* End PBXFrameworksBuildPhase section */

/* Begin PBXGroup section */
		774D1BB116DFA9F000D77A47 = {
			isa = PBXGroup;
			children = (
				774D1BC316DFA9F000D77A47 /* Feb28 */,
				774D1BBC16DFA9F000D77A47 /* Frameworks */,
				774D1BBB16DFA9F000D77A47 /* Products */,
			);
			sourceTree = "<group>";
		};
		774D1BBB16DFA9F000D77A47 /* Products */ = {
			isa = PBXGroup;
			children = (
				774D1BBA16DFA9F000D77A47 /* Feb28.app */,
			);
			name = Products;
			sourceTree = "<group>";
		};
		774D1BBC16DFA9F000D77A47 /* Frameworks */ = {
			isa = PBXGroup;
			children = (
				774D1BBD16DFA9F000D77A47 /* UIKit.framework */,
				774D1BBF16DFA9F000D77A47 /* Foundation.framework */,
				774D1BC116DFA9F000D77A47 /* CoreGraphics.framework */,
			);
			name = Frameworks;
			sourceTree = "<group>";
		};
		774D1BC316DFA9F000D77A47 /* Feb28 */ = {
			isa = PBXGroup;
			children = (
				774D1BCC16DFA9F000D77A47 /* Feb28AppDelegate.h */,
				774D1BCD16DFA9F000D77A47 /* Feb28AppDelegate.m */,
				774D1BDA16DFB04B00D77A47 /* View.h */,
				774D1BDB16DFB04B00D77A47 /* View.m */,
				774D1BC416DFA9F000D77A47 /* Supporting Files */,
			);
			path = Feb28;
			sourceTree = "<group>";
		};
		774D1BC416DFA9F000D77A47 /* Supporting Files */ = {
			isa = PBXGroup;
			children = (
				774D1BE716DFE49800D77A47 /* bevo.jpg */,
				774D1BC516DFA9F000D77A47 /* Feb28-Info.plist */,
				774D1BE516DFE11B00D77A47 /* TXIcon.png */,
				774D1BE116DFDE3600D77A47 /* UTTower.png */,
				774D1BE216DFDE3600D77A47 /* UTTower@2x.png */,
				774D1BC616DFA9F000D77A47 /* InfoPlist.strings */,
				774D1BC916DFA9F000D77A47 /* main.m */,
				774D1BCF16DFA9F000D77A47 /* Default.png */,
				774D1BD116DFA9F000D77A47 /* Default@2x.png */,
				774D1BD316DFA9F000D77A47 /* Default-568h@2x.png */,
				774D1BCB16DFA9F000D77A47 /* Feb28-Prefix.pch */,
			);
			name = "Supporting Files";
			sourceTree = "<group>";
		};
/* End PBXGroup section */

/* Begin PBXNativeTarget section */
		774D1BB916DFA9F000D77A47 /* Feb28 */ = {
			isa = PBXNativeTarget;
			buildConfigurationList = 774D1BD716DFA9F000D77A47 /* Build configuration list for PBXNativeTarget "Feb28" */;
			buildPhases = (
				774D1BB616DFA9F000D77A47 /* Sources */,
				774D1BB716DFA9F000D77A47 /* Frameworks */,
				774D1BB816DFA9F000D77A47 /* Resources */,
			);
			buildRules = (
			);
			dependencies = (
			);
			name = Feb28;
			productName = Feb28;
			productReference = 774D1BBA16DFA9F000D77A47 /* Feb28.app */;
			productType = "com.apple.product-type.application";
		};
/* End PBXNativeTarget section */

/* Begin PBXProject section */
		774D1BB216DFA9F000D77A47 /* Project object */ = {
			isa = PBXProject;
			attributes = {
				CLASSPREFIX = Feb28;
				LastUpgradeCheck = 0460;
				ORGANIZATIONNAME = "Eric Unvert";
			};
			buildConfigurationList = 774D1BB516DFA9F000D77A47 /* Build configuration list for PBXProject "Feb28" */;
			compatibilityVersion = "Xcode 3.2";
			developmentRegion = English;
			hasScannedForEncodings = 0;
			knownRegions = (
				en,
			);
			mainGroup = 774D1BB116DFA9F000D77A47;
			productRefGroup = 774D1BBB16DFA9F000D77A47 /* Products */;
			projectDirPath = "";
			projectRoot = "";
			targets = (
				774D1BB916DFA9F000D77A47 /* Feb28 */,
			);
		};
/* End PBXProject section */

/* Begin PBXResourcesBuildPhase section */
		774D1BB816DFA9F000D77A47 /* Resources */ = {
			isa = PBXResourcesBuildPhase;
			buildActionMask = 2147483647;
			files = (
				774D1BC816DFA9F000D77A47 /* InfoPlist.strings in Resources */,
				774D1BD016DFA9F000D77A47 /* Default.png in Resources */,
				774D1BD216DFA9F000D77A47 /* Default@2x.png in Resources */,
				774D1BD416DFA9F000D77A47 /* Default-568h@2x.png in Resources */,
				774D1BE316DFDE3600D77A47 /* UTTower.png in Resources */,
				774D1BE416DFDE3600D77A47 /* UTTower@2x.png in Resources */,
				774D1BE616DFE11B00D77A47 /* TXIcon.png in Resources */,
				774D1BE816DFE49800D77A47 /* bevo.jpg in Resources */,
			);
			runOnlyForDeploymentPostprocessing = 0;
		};
/* End PBXResourcesBuildPhase section */

/* Begin PBXSourcesBuildPhase section */
		774D1BB616DFA9F000D77A47 /* Sources */ = {
			isa = PBXSourcesBuildPhase;
			buildActionMask = 2147483647;
			files = (
				774D1BCA16DFA9F000D77A47 /* main.m in Sources */,
				774D1BCE16DFA9F000D77A47 /* Feb28AppDelegate.m in Sources */,
				774D1BDC16DFB04B00D77A47 /* View.m in Sources */,
			);
			runOnlyForDeploymentPostprocessing = 0;
		};
/* End PBXSourcesBuildPhase section */

/* Begin PBXVariantGroup section */
		774D1BC616DFA9F000D77A47 /* InfoPlist.strings */ = {
			isa = PBXVariantGroup;
			children = (
				774D1BC716DFA9F000D77A47 /* en */,
			);
			name = InfoPlist.strings;
			sourceTree = "<group>";
		};
/* End PBXVariantGroup section */

/* Begin XCBuildConfiguration section */
		774D1BD516DFA9F000D77A47 /* Debug */ = {
			isa = XCBuildConfiguration;
			buildSettings = {
				ALWAYS_SEARCH_USER_PATHS = NO;
				CLANG_CXX_LANGUAGE_STANDARD = "gnu++0x";
				CLANG_CXX_LIBRARY = "libc++";
				CLANG_ENABLE_OBJC_ARC = YES;
				CLANG_WARN_CONSTANT_CONVERSION = YES;
				CLANG_WARN_EMPTY_BODY = YES;
				CLANG_WARN_ENUM_CONVERSION = YES;
				CLANG_WARN_INT_CONVERSION = YES;
				CLANG_WARN__DUPLICATE_METHOD_MATCH = YES;
				"CODE_SIGN_IDENTITY[sdk=iphoneos*]" = "iPhone Developer";
				COPY_PHASE_STRIP = NO;
				GCC_C_LANGUAGE_STANDARD = gnu99;
				GCC_DYNAMIC_NO_PIC = NO;
				GCC_OPTIMIZATION_LEVEL = 0;
				GCC_PREPROCESSOR_DEFINITIONS = (
					"DEBUG=1",
					"$(inherited)",
				);
				GCC_SYMBOLS_PRIVATE_EXTERN = NO;
				GCC_WARN_ABOUT_RETURN_TYPE = YES;
				GCC_WARN_UNINITIALIZED_AUTOS = YES;
				GCC_WARN_UNUSED_VARIABLE = YES;
				IPHONEOS_DEPLOYMENT_TARGET = 6.1;
				ONLY_ACTIVE_ARCH = YES;
				SDKROOT = iphoneos;
			};
			name = Debug;
		};
		774D1BD616DFA9F000D77A47 /* Release */ = {
			isa = XCBuildConfiguration;
			buildSettings = {
				ALWAYS_SEARCH_USER_PATHS = NO;
				CLANG_CXX_LANGUAGE_STANDARD = "gnu++0x";
				CLANG_CXX_LIBRARY = "libc++";
				CLANG_ENABLE_OBJC_ARC = YES;
				CLANG_WARN_CONSTANT_CONVERSION = YES;
				CLANG_WARN_EMPTY_BODY = YES;
				CLANG_WARN_ENUM_CONVERSION = YES;
				CLANG_WARN_INT_CONVERSION = YES;
				CLANG_WARN__DUPLICATE_METHOD_MATCH = YES;
				"CODE_SIGN_IDENTITY[sdk=iphoneos*]" = "iPhone Developer";
				COPY_PHASE_STRIP = YES;
				GCC_C_LANGUAGE_STANDARD = gnu99;
				GCC_WARN_ABOUT_RETURN_TYPE = YES;
				GCC_WARN_UNINITIALIZED_AUTOS = YES;
				GCC_WARN_UNUSED_VARIABLE = YES;
				IPHONEOS_DEPLOYMENT_TARGET = 6.1;
				OTHER_CFLAGS = "-DNS_BLOCK_ASSERTIONS=1";
				SDKROOT = iphoneos;
				VALIDATE_PRODUCT = YES;
			};
			name = Release;
		};
		774D1BD816DFA9F000D77A47 /* Debug */ = {
			isa = XCBuildConfiguration;
			buildSettings = {
				GCC_PRECOMPILE_PREFIX_HEADER = YES;
				GCC_PREFIX_HEADER = "Feb28/Feb28-Prefix.pch";
				INFOPLIST_FILE = "Feb28/Feb28-Info.plist";
				PRODUCT_NAME = "$(TARGET_NAME)";
				WRAPPER_EXTENSION = app;
			};
			name = Debug;
		};
		774D1BD916DFA9F000D77A47 /* Release */ = {
			isa = XCBuildConfiguration;
			buildSettings = {
				GCC_PRECOMPILE_PREFIX_HEADER = YES;
				GCC_PREFIX_HEADER = "Feb28/Feb28-Prefix.pch";
				INFOPLIST_FILE = "Feb28/Feb28-Info.plist";
				PRODUCT_NAME = "$(TARGET_NAME)";
				WRAPPER_EXTENSION = app;
			};
			name = Release;
		};
/* End XCBuildConfiguration section */

/* Begin XCConfigurationList section */
		774D1BB516DFA9F000D77A47 /* Build configuration list for PBXProject "Feb28" */ = {
			isa = XCConfigurationList;
			buildConfigurations = (
				774D1BD516DFA9F000D77A47 /* Debug */,
				774D1BD616DFA9F000D77A47 /* Release */,
			);
			defaultConfigurationIsVisible = 0;
			defaultConfigurationName = Release;
		};
		774D1BD716DFA9F000D77A47 /* Build configuration list for PBXNativeTarget "Feb28" */ = {
			isa = XCConfigurationList;
			buildConfigurations = (
				774D1BD816DFA9F000D77A47 /* Debug */,
				774D1BD916DFA9F000D77A47 /* Release */,
			);
			defaultConfigurationIsVisible = 0;
		};
/* End XCConfigurationList section */
	};
	rootObject = 774D1BB216DFA9F000D77A47 /* Project object */;
}
